// !$*UTF8*$!
{
	archiveVersion = 1;
	classes = {
	};
	objectVersion = 56;
	objects = {

/* Begin PBXBuildFile section */
		2706765428E7306F00CB0C96 /* GoogleService-Info.plist in Resources */ = {isa = PBXBuildFile; fileRef = 2706765328E7306F00CB0C96 /* GoogleService-Info.plist */; };
		2706765728E735AB00CB0C96 /* FirebaseAuth in Frameworks */ = {isa = PBXBuildFile; productRef = 2706765628E735AB00CB0C96 /* FirebaseAuth */; };
		2706765B28E735AB00CB0C96 /* FirebaseStorage in Frameworks */ = {isa = PBXBuildFile; productRef = 2706765A28E735AB00CB0C96 /* FirebaseStorage */; };
		2733DAC42925D3C800D3574C /* OnboardingView.swift in Sources */ = {isa = PBXBuildFile; fileRef = 2733DAC32925D3C800D3574C /* OnboardingView.swift */; };
		275BAF2529437F190081AB22 /* Exporter.swift in Sources */ = {isa = PBXBuildFile; fileRef = 275BAF2429437F190081AB22 /* Exporter.swift */; };
		275BAF27294583A20081AB22 /* FirebaseAppCheck in Frameworks */ = {isa = PBXBuildFile; productRef = 275BAF26294583A20081AB22 /* FirebaseAppCheck */; };
		2764EF392918A644000675A7 /* NotificationsManager.swift in Sources */ = {isa = PBXBuildFile; fileRef = 2764EF382918A644000675A7 /* NotificationsManager.swift */; };
		2778E08928D6023B003E901E /* HermesApp.swift in Sources */ = {isa = PBXBuildFile; fileRef = 2778E08828D6023B003E901E /* HermesApp.swift */; };
		2778E08B28D6023B003E901E /* Persistence.swift in Sources */ = {isa = PBXBuildFile; fileRef = 2778E08A28D6023B003E901E /* Persistence.swift */; };
		2778E08E28D6023B003E901E /* Hermes.xcdatamodeld in Sources */ = {isa = PBXBuildFile; fileRef = 2778E08C28D6023B003E901E /* Hermes.xcdatamodeld */; };
		2778E09028D6023B003E901E /* ContentView.swift in Sources */ = {isa = PBXBuildFile; fileRef = 2778E08F28D6023B003E901E /* ContentView.swift */; };
		2778E09228D6023D003E901E /* Assets.xcassets in Resources */ = {isa = PBXBuildFile; fileRef = 2778E09128D6023D003E901E /* Assets.xcassets */; };
		2778E09628D6023D003E901E /* Preview Assets.xcassets in Resources */ = {isa = PBXBuildFile; fileRef = 2778E09528D6023D003E901E /* Preview Assets.xcassets */; };
		2778E09F28D6033F003E901E /* CameraPreview.swift in Sources */ = {isa = PBXBuildFile; fileRef = 2778E09E28D6033F003E901E /* CameraPreview.swift */; };
		2778E0A328D607C0003E901E /* CameraManager.swift in Sources */ = {isa = PBXBuildFile; fileRef = 2778E0A228D607C0003E901E /* CameraManager.swift */; };
		2778E0A528D60877003E901E /* CameraError.swift in Sources */ = {isa = PBXBuildFile; fileRef = 2778E0A428D60877003E901E /* CameraError.swift */; };
		2778E0A928D6165D003E901E /* ContentViewModel.swift in Sources */ = {isa = PBXBuildFile; fileRef = 2778E0A828D6165D003E901E /* ContentViewModel.swift */; };
		2778E0AB28D663DF003E901E /* Extensions.swift in Sources */ = {isa = PBXBuildFile; fileRef = 2778E0AA28D663DF003E901E /* Extensions.swift */; };
		2778E0AE28D66D27003E901E /* RecordingManager.swift in Sources */ = {isa = PBXBuildFile; fileRef = 2778E0AD28D66D27003E901E /* RecordingManager.swift */; };
		2778E0B028D674BA003E901E /* RecordingControlsView.swift in Sources */ = {isa = PBXBuildFile; fileRef = 2778E0AF28D674BA003E901E /* RecordingControlsView.swift */; };
		2778E0B228D7A171003E901E /* Project.swift in Sources */ = {isa = PBXBuildFile; fileRef = 2778E0B128D7A171003E901E /* Project.swift */; };
		2778E0B428D9D291003E901E /* PlaybackView.swift in Sources */ = {isa = PBXBuildFile; fileRef = 2778E0B328D9D291003E901E /* PlaybackView.swift */; };
		27E0CA0528E7462B0010B226 /* FirebaseDatabaseSwift in Frameworks */ = {isa = PBXBuildFile; productRef = 27E0CA0428E7462B0010B226 /* FirebaseDatabaseSwift */; };
		27EA0661294D05CD00B0A932 /* Clip.swift in Sources */ = {isa = PBXBuildFile; fileRef = 27EA0660294D05CD00B0A932 /* Clip.swift */; };
		27EA0663294D0E6500B0A932 /* WaitingSpinner.swift in Sources */ = {isa = PBXBuildFile; fileRef = 27EA0662294D0E6500B0A932 /* WaitingSpinner.swift */; };
		27ECF55228EBA50F00E7DF48 /* DeeplinkHandler.swift in Sources */ = {isa = PBXBuildFile; fileRef = 27ECF55128EBA50F00E7DF48 /* DeeplinkHandler.swift */; };
		27ECF55628ECF2E400E7DF48 /* PlaybackModel.swift in Sources */ = {isa = PBXBuildFile; fileRef = 27ECF55528ECF2E400E7DF48 /* PlaybackModel.swift */; };
		27ECF55828F45A8F00E7DF48 /* Sizes.swift in Sources */ = {isa = PBXBuildFile; fileRef = 27ECF55728F45A8E00E7DF48 /* Sizes.swift */; };
		27ECF55A28F463D400E7DF48 /* SettingsView.swift in Sources */ = {isa = PBXBuildFile; fileRef = 27ECF55928F463D400E7DF48 /* SettingsView.swift */; };
/* End PBXBuildFile section */

/* Begin PBXFileReference section */
		2706765328E7306F00CB0C96 /* GoogleService-Info.plist */ = {isa = PBXFileReference; fileEncoding = 4; lastKnownFileType = text.plist.xml; name = "GoogleService-Info.plist"; path = "../../../../Downloads/GoogleService-Info.plist"; sourceTree = "<group>"; };
		2733DAC32925D3C800D3574C /* OnboardingView.swift */ = {isa = PBXFileReference; lastKnownFileType = sourcecode.swift; path = OnboardingView.swift; sourceTree = "<group>"; };
		275BAF2429437F190081AB22 /* Exporter.swift */ = {isa = PBXFileReference; lastKnownFileType = sourcecode.swift; path = Exporter.swift; sourceTree = "<group>"; };
		2764EF382918A644000675A7 /* NotificationsManager.swift */ = {isa = PBXFileReference; lastKnownFileType = sourcecode.swift; path = NotificationsManager.swift; sourceTree = "<group>"; };
		2778E08528D6023B003E901E /* Hermes.app */ = {isa = PBXFileReference; explicitFileType = wrapper.application; includeInIndex = 0; path = Hermes.app; sourceTree = BUILT_PRODUCTS_DIR; };
		2778E08828D6023B003E901E /* HermesApp.swift */ = {isa = PBXFileReference; lastKnownFileType = sourcecode.swift; path = HermesApp.swift; sourceTree = "<group>"; };
		2778E08A28D6023B003E901E /* Persistence.swift */ = {isa = PBXFileReference; lastKnownFileType = sourcecode.swift; path = Persistence.swift; sourceTree = "<group>"; };
		2778E08D28D6023B003E901E /* Hermes.xcdatamodel */ = {isa = PBXFileReference; lastKnownFileType = wrapper.xcdatamodel; path = Hermes.xcdatamodel; sourceTree = "<group>"; };
		2778E08F28D6023B003E901E /* ContentView.swift */ = {isa = PBXFileReference; lastKnownFileType = sourcecode.swift; path = ContentView.swift; sourceTree = "<group>"; };
		2778E09128D6023D003E901E /* Assets.xcassets */ = {isa = PBXFileReference; lastKnownFileType = folder.assetcatalog; path = Assets.xcassets; sourceTree = "<group>"; };
		2778E09328D6023D003E901E /* Hermes.entitlements */ = {isa = PBXFileReference; lastKnownFileType = text.plist.entitlements; path = Hermes.entitlements; sourceTree = "<group>"; };
		2778E09528D6023D003E901E /* Preview Assets.xcassets */ = {isa = PBXFileReference; lastKnownFileType = folder.assetcatalog; path = "Preview Assets.xcassets"; sourceTree = "<group>"; };
		2778E09E28D6033F003E901E /* CameraPreview.swift */ = {isa = PBXFileReference; lastKnownFileType = sourcecode.swift; path = CameraPreview.swift; sourceTree = "<group>"; };
		2778E0A228D607C0003E901E /* CameraManager.swift */ = {isa = PBXFileReference; lastKnownFileType = sourcecode.swift; path = CameraManager.swift; sourceTree = "<group>"; };
		2778E0A428D60877003E901E /* CameraError.swift */ = {isa = PBXFileReference; lastKnownFileType = sourcecode.swift; path = CameraError.swift; sourceTree = "<group>"; };
		2778E0A828D6165D003E901E /* ContentViewModel.swift */ = {isa = PBXFileReference; lastKnownFileType = sourcecode.swift; path = ContentViewModel.swift; sourceTree = "<group>"; };
		2778E0AA28D663DF003E901E /* Extensions.swift */ = {isa = PBXFileReference; lastKnownFileType = sourcecode.swift; path = Extensions.swift; sourceTree = "<group>"; };
		2778E0AC28D664EE003E901E /* Info.plist */ = {isa = PBXFileReference; lastKnownFileType = text.plist; path = Info.plist; sourceTree = "<group>"; };
		2778E0AD28D66D27003E901E /* RecordingManager.swift */ = {isa = PBXFileReference; lastKnownFileType = sourcecode.swift; path = RecordingManager.swift; sourceTree = "<group>"; };
		2778E0AF28D674BA003E901E /* RecordingControlsView.swift */ = {isa = PBXFileReference; lastKnownFileType = sourcecode.swift; path = RecordingControlsView.swift; sourceTree = "<group>"; };
		2778E0B128D7A171003E901E /* Project.swift */ = {isa = PBXFileReference; lastKnownFileType = sourcecode.swift; path = Project.swift; sourceTree = "<group>"; };
		2778E0B328D9D291003E901E /* PlaybackView.swift */ = {isa = PBXFileReference; lastKnownFileType = sourcecode.swift; path = PlaybackView.swift; sourceTree = "<group>"; };
		27EA0660294D05CD00B0A932 /* Clip.swift */ = {isa = PBXFileReference; lastKnownFileType = sourcecode.swift; path = Clip.swift; sourceTree = "<group>"; };
		27EA0662294D0E6500B0A932 /* WaitingSpinner.swift */ = {isa = PBXFileReference; lastKnownFileType = sourcecode.swift; path = WaitingSpinner.swift; sourceTree = "<group>"; };
		27ECF55128EBA50F00E7DF48 /* DeeplinkHandler.swift */ = {isa = PBXFileReference; lastKnownFileType = sourcecode.swift; path = DeeplinkHandler.swift; sourceTree = "<group>"; };
		27ECF55528ECF2E400E7DF48 /* PlaybackModel.swift */ = {isa = PBXFileReference; lastKnownFileType = sourcecode.swift; path = PlaybackModel.swift; sourceTree = "<group>"; };
		27ECF55728F45A8E00E7DF48 /* Sizes.swift */ = {isa = PBXFileReference; lastKnownFileType = sourcecode.swift; path = Sizes.swift; sourceTree = "<group>"; };
		27ECF55928F463D400E7DF48 /* SettingsView.swift */ = {isa = PBXFileReference; lastKnownFileType = sourcecode.swift; path = SettingsView.swift; sourceTree = "<group>"; };
/* End PBXFileReference section */

/* Begin PBXFrameworksBuildPhase section */
		2778E08228D6023B003E901E /* Frameworks */ = {
			isa = PBXFrameworksBuildPhase;
			buildActionMask = 2147483647;
			files = (
				275BAF27294583A20081AB22 /* FirebaseAppCheck in Frameworks */,
				27E0CA0528E7462B0010B226 /* FirebaseDatabaseSwift in Frameworks */,
				2706765728E735AB00CB0C96 /* FirebaseAuth in Frameworks */,
				2706765B28E735AB00CB0C96 /* FirebaseStorage in Frameworks */,
			);
			runOnlyForDeploymentPostprocessing = 0;
		};
/* End PBXFrameworksBuildPhase section */

/* Begin PBXGroup section */
		2778E07C28D6023B003E901E = {
			isa = PBXGroup;
			children = (
				2778E08728D6023B003E901E /* Hermes */,
				2778E08628D6023B003E901E /* Products */,
				27E0CA0328E7462B0010B226 /* Frameworks */,
			);
			sourceTree = "<group>";
		};
		2778E08628D6023B003E901E /* Products */ = {
			isa = PBXGroup;
			children = (
				2778E08528D6023B003E901E /* Hermes.app */,
			);
			name = Products;
			sourceTree = "<group>";
		};
		2778E08728D6023B003E901E /* Hermes */ = {
			isa = PBXGroup;
			children = (
				2706765328E7306F00CB0C96 /* GoogleService-Info.plist */,
				2778E0AC28D664EE003E901E /* Info.plist */,
				27ECF55428EBA9D400E7DF48 /* Helpers */,
				2778E09D28D6032B003E901E /* Models */,
				2778E09C28D60320003E901E /* Views */,
				2778E08828D6023B003E901E /* HermesApp.swift */,
				2778E09128D6023D003E901E /* Assets.xcassets */,
				2778E09328D6023D003E901E /* Hermes.entitlements */,
				2778E08C28D6023B003E901E /* Hermes.xcdatamodeld */,
				2778E09428D6023D003E901E /* Preview Content */,
			);
			path = Hermes;
			sourceTree = "<group>";
		};
		2778E09428D6023D003E901E /* Preview Content */ = {
			isa = PBXGroup;
			children = (
				2778E09528D6023D003E901E /* Preview Assets.xcassets */,
			);
			path = "Preview Content";
			sourceTree = "<group>";
		};
		2778E09C28D60320003E901E /* Views */ = {
			isa = PBXGroup;
			children = (
				2778E08F28D6023B003E901E /* ContentView.swift */,
				2778E09E28D6033F003E901E /* CameraPreview.swift */,
				2778E0AF28D674BA003E901E /* RecordingControlsView.swift */,
				2778E0B328D9D291003E901E /* PlaybackView.swift */,
				27EA0662294D0E6500B0A932 /* WaitingSpinner.swift */,
				27ECF55928F463D400E7DF48 /* SettingsView.swift */,
				2733DAC32925D3C800D3574C /* OnboardingView.swift */,
			);
			path = Views;
			sourceTree = "<group>";
		};
		2778E09D28D6032B003E901E /* Models */ = {
			isa = PBXGroup;
			children = (
				2778E0A828D6165D003E901E /* ContentViewModel.swift */,
				2778E0B128D7A171003E901E /* Project.swift */,
				27EA0660294D05CD00B0A932 /* Clip.swift */,
				2778E0A228D607C0003E901E /* CameraManager.swift */,
				2778E0AD28D66D27003E901E /* RecordingManager.swift */,
				27ECF55528ECF2E400E7DF48 /* PlaybackModel.swift */,
				275BAF2429437F190081AB22 /* Exporter.swift */,
				2764EF382918A644000675A7 /* NotificationsManager.swift */,
			);
			path = Models;
			sourceTree = "<group>";
		};
		27E0CA0328E7462B0010B226 /* Frameworks */ = {
			isa = PBXGroup;
			children = (
			);
			name = Frameworks;
			sourceTree = "<group>";
		};
		27ECF55428EBA9D400E7DF48 /* Helpers */ = {
			isa = PBXGroup;
			children = (
				2778E0AA28D663DF003E901E /* Extensions.swift */,
				2778E0A428D60877003E901E /* CameraError.swift */,
				27ECF55128EBA50F00E7DF48 /* DeeplinkHandler.swift */,
				2778E08A28D6023B003E901E /* Persistence.swift */,
				27ECF55728F45A8E00E7DF48 /* Sizes.swift */,
			);
			path = Helpers;
			sourceTree = "<group>";
		};
/* End PBXGroup section */

/* Begin PBXNativeTarget section */
		2778E08428D6023B003E901E /* Hermes */ = {
			isa = PBXNativeTarget;
			buildConfigurationList = 2778E09928D6023D003E901E /* Build configuration list for PBXNativeTarget "Hermes" */;
			buildPhases = (
				2778E08128D6023B003E901E /* Sources */,
				2778E08228D6023B003E901E /* Frameworks */,
				2778E08328D6023B003E901E /* Resources */,
			);
			buildRules = (
			);
			dependencies = (
			);
			name = Hermes;
			packageProductDependencies = (
				2706765628E735AB00CB0C96 /* FirebaseAuth */,
				2706765A28E735AB00CB0C96 /* FirebaseStorage */,
				27E0CA0428E7462B0010B226 /* FirebaseDatabaseSwift */,
				275BAF26294583A20081AB22 /* FirebaseAppCheck */,
			);
			productName = Hermes;
			productReference = 2778E08528D6023B003E901E /* Hermes.app */;
			productType = "com.apple.product-type.application";
		};
/* End PBXNativeTarget section */

/* Begin PBXProject section */
		2778E07D28D6023B003E901E /* Project object */ = {
			isa = PBXProject;
			attributes = {
				BuildIndependentTargetsInParallel = 1;
				LastSwiftUpdateCheck = 1400;
				LastUpgradeCheck = 1400;
				TargetAttributes = {
					2778E08428D6023B003E901E = {
						CreatedOnToolsVersion = 14.0;
					};
				};
			};
			buildConfigurationList = 2778E08028D6023B003E901E /* Build configuration list for PBXProject "Hermes" */;
			compatibilityVersion = "Xcode 14.0";
			developmentRegion = en;
			hasScannedForEncodings = 0;
			knownRegions = (
				en,
				Base,
			);
			mainGroup = 2778E07C28D6023B003E901E;
			packageReferences = (
				2706765528E735AA00CB0C96 /* XCRemoteSwiftPackageReference "firebase-ios-sdk" */,
			);
			productRefGroup = 2778E08628D6023B003E901E /* Products */;
			projectDirPath = "";
			projectRoot = "";
			targets = (
				2778E08428D6023B003E901E /* Hermes */,
			);
		};
/* End PBXProject section */

/* Begin PBXResourcesBuildPhase section */
		2778E08328D6023B003E901E /* Resources */ = {
			isa = PBXResourcesBuildPhase;
			buildActionMask = 2147483647;
			files = (
				2778E09628D6023D003E901E /* Preview Assets.xcassets in Resources */,
				2778E09228D6023D003E901E /* Assets.xcassets in Resources */,
				2706765428E7306F00CB0C96 /* GoogleService-Info.plist in Resources */,
			);
			runOnlyForDeploymentPostprocessing = 0;
		};
/* End PBXResourcesBuildPhase section */

/* Begin PBXSourcesBuildPhase section */
		2778E08128D6023B003E901E /* Sources */ = {
			isa = PBXSourcesBuildPhase;
			buildActionMask = 2147483647;
			files = (
				27ECF55A28F463D400E7DF48 /* SettingsView.swift in Sources */,
				27EA0661294D05CD00B0A932 /* Clip.swift in Sources */,
				2778E08928D6023B003E901E /* HermesApp.swift in Sources */,
				2764EF392918A644000675A7 /* NotificationsManager.swift in Sources */,
				2778E0B028D674BA003E901E /* RecordingControlsView.swift in Sources */,
				2778E0AB28D663DF003E901E /* Extensions.swift in Sources */,
				27ECF55628ECF2E400E7DF48 /* PlaybackModel.swift in Sources */,
				27ECF55828F45A8F00E7DF48 /* Sizes.swift in Sources */,
				2778E0A328D607C0003E901E /* CameraManager.swift in Sources */,
				2778E09F28D6033F003E901E /* CameraPreview.swift in Sources */,
				2778E08E28D6023B003E901E /* Hermes.xcdatamodeld in Sources */,
				27EA0663294D0E6500B0A932 /* WaitingSpinner.swift in Sources */,
				2778E0A928D6165D003E901E /* ContentViewModel.swift in Sources */,
				2778E0B428D9D291003E901E /* PlaybackView.swift in Sources */,
				275BAF2529437F190081AB22 /* Exporter.swift in Sources */,
				27ECF55228EBA50F00E7DF48 /* DeeplinkHandler.swift in Sources */,
				2778E0AE28D66D27003E901E /* RecordingManager.swift in Sources */,
				2778E09028D6023B003E901E /* ContentView.swift in Sources */,
				2778E08B28D6023B003E901E /* Persistence.swift in Sources */,
				2733DAC42925D3C800D3574C /* OnboardingView.swift in Sources */,
				2778E0A528D60877003E901E /* CameraError.swift in Sources */,
				2778E0B228D7A171003E901E /* Project.swift in Sources */,
			);
			runOnlyForDeploymentPostprocessing = 0;
		};
/* End PBXSourcesBuildPhase section */

/* Begin XCBuildConfiguration section */
		2778E09728D6023D003E901E /* Debug */ = {
			isa = XCBuildConfiguration;
			buildSettings = {
				ALWAYS_SEARCH_USER_PATHS = NO;
				CLANG_ANALYZER_NONNULL = YES;
				CLANG_ANALYZER_NUMBER_OBJECT_CONVERSION = YES_AGGRESSIVE;
				CLANG_CXX_LANGUAGE_STANDARD = "gnu++20";
				CLANG_ENABLE_MODULES = YES;
				CLANG_ENABLE_OBJC_ARC = YES;
				CLANG_ENABLE_OBJC_WEAK = YES;
				CLANG_WARN_BLOCK_CAPTURE_AUTORELEASING = YES;
				CLANG_WARN_BOOL_CONVERSION = YES;
				CLANG_WARN_COMMA = YES;
				CLANG_WARN_CONSTANT_CONVERSION = YES;
				CLANG_WARN_DEPRECATED_OBJC_IMPLEMENTATIONS = YES;
				CLANG_WARN_DIRECT_OBJC_ISA_USAGE = YES_ERROR;
				CLANG_WARN_DOCUMENTATION_COMMENTS = YES;
				CLANG_WARN_EMPTY_BODY = YES;
				CLANG_WARN_ENUM_CONVERSION = YES;
				CLANG_WARN_INFINITE_RECURSION = YES;
				CLANG_WARN_INT_CONVERSION = YES;
				CLANG_WARN_NON_LITERAL_NULL_CONVERSION = YES;
				CLANG_WARN_OBJC_IMPLICIT_RETAIN_SELF = YES;
				CLANG_WARN_OBJC_LITERAL_CONVERSION = YES;
				CLANG_WARN_OBJC_ROOT_CLASS = YES_ERROR;
				CLANG_WARN_QUOTED_INCLUDE_IN_FRAMEWORK_HEADER = YES;
				CLANG_WARN_RANGE_LOOP_ANALYSIS = YES;
				CLANG_WARN_STRICT_PROTOTYPES = YES;
				CLANG_WARN_SUSPICIOUS_MOVE = YES;
				CLANG_WARN_UNGUARDED_AVAILABILITY = YES_AGGRESSIVE;
				CLANG_WARN_UNREACHABLE_CODE = YES;
				CLANG_WARN__DUPLICATE_METHOD_MATCH = YES;
				COPY_PHASE_STRIP = NO;
				DEBUG_INFORMATION_FORMAT = dwarf;
				ENABLE_STRICT_OBJC_MSGSEND = YES;
				ENABLE_TESTABILITY = YES;
				GCC_C_LANGUAGE_STANDARD = gnu11;
				GCC_DYNAMIC_NO_PIC = NO;
				GCC_NO_COMMON_BLOCKS = YES;
				GCC_OPTIMIZATION_LEVEL = 0;
				GCC_PREPROCESSOR_DEFINITIONS = (
					"DEBUG=1",
					"$(inherited)",
				);
				GCC_WARN_64_TO_32_BIT_CONVERSION = YES;
				GCC_WARN_ABOUT_RETURN_TYPE = YES_ERROR;
				GCC_WARN_UNDECLARED_SELECTOR = YES;
				GCC_WARN_UNINITIALIZED_AUTOS = YES_AGGRESSIVE;
				GCC_WARN_UNUSED_FUNCTION = YES;
				GCC_WARN_UNUSED_VARIABLE = YES;
				IPHONEOS_DEPLOYMENT_TARGET = 15.0;
				MTL_ENABLE_DEBUG_INFO = INCLUDE_SOURCE;
				MTL_FAST_MATH = YES;
				ONLY_ACTIVE_ARCH = YES;
				SWIFT_ACTIVE_COMPILATION_CONDITIONS = DEBUG;
				SWIFT_OPTIMIZATION_LEVEL = "-Onone";
			};
			name = Debug;
		};
		2778E09828D6023D003E901E /* Release */ = {
			isa = XCBuildConfiguration;
			buildSettings = {
				ALWAYS_SEARCH_USER_PATHS = NO;
				CLANG_ANALYZER_NONNULL = YES;
				CLANG_ANALYZER_NUMBER_OBJECT_CONVERSION = YES_AGGRESSIVE;
				CLANG_CXX_LANGUAGE_STANDARD = "gnu++20";
				CLANG_ENABLE_MODULES = YES;
				CLANG_ENABLE_OBJC_ARC = YES;
				CLANG_ENABLE_OBJC_WEAK = YES;
				CLANG_WARN_BLOCK_CAPTURE_AUTORELEASING = YES;
				CLANG_WARN_BOOL_CONVERSION = YES;
				CLANG_WARN_COMMA = YES;
				CLANG_WARN_CONSTANT_CONVERSION = YES;
				CLANG_WARN_DEPRECATED_OBJC_IMPLEMENTATIONS = YES;
				CLANG_WARN_DIRECT_OBJC_ISA_USAGE = YES_ERROR;
				CLANG_WARN_DOCUMENTATION_COMMENTS = YES;
				CLANG_WARN_EMPTY_BODY = YES;
				CLANG_WARN_ENUM_CONVERSION = YES;
				CLANG_WARN_INFINITE_RECURSION = YES;
				CLANG_WARN_INT_CONVERSION = YES;
				CLANG_WARN_NON_LITERAL_NULL_CONVERSION = YES;
				CLANG_WARN_OBJC_IMPLICIT_RETAIN_SELF = YES;
				CLANG_WARN_OBJC_LITERAL_CONVERSION = YES;
				CLANG_WARN_OBJC_ROOT_CLASS = YES_ERROR;
				CLANG_WARN_QUOTED_INCLUDE_IN_FRAMEWORK_HEADER = YES;
				CLANG_WARN_RANGE_LOOP_ANALYSIS = YES;
				CLANG_WARN_STRICT_PROTOTYPES = YES;
				CLANG_WARN_SUSPICIOUS_MOVE = YES;
				CLANG_WARN_UNGUARDED_AVAILABILITY = YES_AGGRESSIVE;
				CLANG_WARN_UNREACHABLE_CODE = YES;
				CLANG_WARN__DUPLICATE_METHOD_MATCH = YES;
				COPY_PHASE_STRIP = NO;
				DEBUG_INFORMATION_FORMAT = "dwarf-with-dsym";
				ENABLE_NS_ASSERTIONS = NO;
				ENABLE_STRICT_OBJC_MSGSEND = YES;
				GCC_C_LANGUAGE_STANDARD = gnu11;
				GCC_NO_COMMON_BLOCKS = YES;
				GCC_WARN_64_TO_32_BIT_CONVERSION = YES;
				GCC_WARN_ABOUT_RETURN_TYPE = YES_ERROR;
				GCC_WARN_UNDECLARED_SELECTOR = YES;
				GCC_WARN_UNINITIALIZED_AUTOS = YES_AGGRESSIVE;
				GCC_WARN_UNUSED_FUNCTION = YES;
				GCC_WARN_UNUSED_VARIABLE = YES;
				IPHONEOS_DEPLOYMENT_TARGET = 15.0;
				MTL_ENABLE_DEBUG_INFO = NO;
				MTL_FAST_MATH = YES;
				SWIFT_COMPILATION_MODE = wholemodule;
				SWIFT_OPTIMIZATION_LEVEL = "-O";
			};
			name = Release;
		};
		2778E09A28D6023D003E901E /* Debug */ = {
			isa = XCBuildConfiguration;
			buildSettings = {
				ASSETCATALOG_COMPILER_APPICON_NAME = AppIcon;
				ASSETCATALOG_COMPILER_GLOBAL_ACCENT_COLOR_NAME = AccentColor;
				ASSETCATALOG_COMPILER_INCLUDE_ALL_APPICON_ASSETS = YES;
				CODE_SIGN_ENTITLEMENTS = Hermes/Hermes.entitlements;
				CODE_SIGN_STYLE = Automatic;
				CURRENT_PROJECT_VERSION = 5;
				DEVELOPMENT_ASSET_PATHS = "\"Hermes/Preview Content\"";
				DEVELOPMENT_TEAM = 365K6R64X6;
				ENABLE_HARDENED_RUNTIME = YES;
				ENABLE_PREVIEWS = YES;
				GENERATE_INFOPLIST_FILE = YES;
				INFOPLIST_FILE = Hermes/Info.plist;
				INFOPLIST_KEY_CFBundleDisplayName = Romp;
				INFOPLIST_KEY_LSApplicationCategoryType = "public.app-category.photography";
				INFOPLIST_KEY_NSCameraUsageDescription = "Hermes requires acccess to your phone's camera to record videos for your vlog.";
				INFOPLIST_KEY_NSMicrophoneUsageDescription = "Hermes requires access to your phone's microphone to record audio.";
				INFOPLIST_KEY_NSPhotoLibraryAddUsageDescription = "Save finished vlogs to your photo library";
				INFOPLIST_KEY_NSPhotoLibraryUsageDescription = "Save finished vlogs to your photo library";
				"INFOPLIST_KEY_UIApplicationSceneManifest_Generation[sdk=iphoneos*]" = YES;
				"INFOPLIST_KEY_UIApplicationSceneManifest_Generation[sdk=iphonesimulator*]" = YES;
				"INFOPLIST_KEY_UIApplicationSupportsIndirectInputEvents[sdk=iphoneos*]" = YES;
				"INFOPLIST_KEY_UIApplicationSupportsIndirectInputEvents[sdk=iphonesimulator*]" = YES;
				"INFOPLIST_KEY_UILaunchScreen_Generation[sdk=iphoneos*]" = YES;
				"INFOPLIST_KEY_UILaunchScreen_Generation[sdk=iphonesimulator*]" = YES;
				"INFOPLIST_KEY_UIStatusBarStyle[sdk=iphoneos*]" = UIStatusBarStyleDefault;
				"INFOPLIST_KEY_UIStatusBarStyle[sdk=iphonesimulator*]" = UIStatusBarStyleDefault;
				INFOPLIST_KEY_UISupportedInterfaceOrientations = "UIInterfaceOrientationLandscapeLeft UIInterfaceOrientationLandscapeRight UIInterfaceOrientationPortrait UIInterfaceOrientationPortraitUpsideDown";
				IPHONEOS_DEPLOYMENT_TARGET = 15.0;
				LD_RUNPATH_SEARCH_PATHS = "@executable_path/Frameworks";
				"LD_RUNPATH_SEARCH_PATHS[sdk=macosx*]" = "@executable_path/../Frameworks";
				MACOSX_DEPLOYMENT_TARGET = 12.4;
				MARKETING_VERSION = 1.2;
				PRODUCT_BUNDLE_IDENTIFIER = caiismyname.Hermes;
				PRODUCT_NAME = "$(TARGET_NAME)";
				SDKROOT = auto;
				SUPPORTED_PLATFORMS = "iphoneos iphonesimulator macosx";
				SWIFT_EMIT_LOC_STRINGS = YES;
				SWIFT_VERSION = 5.0;
				TARGETED_DEVICE_FAMILY = "1,2";
			};
			name = Debug;
		};
		2778E09B28D6023D003E901E /* Release */ = {
			isa = XCBuildConfiguration;
			buildSettings = {
				ASSETCATALOG_COMPILER_APPICON_NAME = AppIcon;
				ASSETCATALOG_COMPILER_GLOBAL_ACCENT_COLOR_NAME = AccentColor;
				ASSETCATALOG_COMPILER_INCLUDE_ALL_APPICON_ASSETS = YES;
				CODE_SIGN_ENTITLEMENTS = Hermes/Hermes.entitlements;
				CODE_SIGN_STYLE = Automatic;
				CURRENT_PROJECT_VERSION = 5;
				DEVELOPMENT_ASSET_PATHS = "\"Hermes/Preview Content\"";
				DEVELOPMENT_TEAM = 365K6R64X6;
				ENABLE_HARDENED_RUNTIME = YES;
				ENABLE_PREVIEWS = YES;
				GENERATE_INFOPLIST_FILE = YES;
				INFOPLIST_FILE = Hermes/Info.plist;
				INFOPLIST_KEY_CFBundleDisplayName = Romp;
				INFOPLIST_KEY_LSApplicationCategoryType = "public.app-category.photography";
				INFOPLIST_KEY_NSCameraUsageDescription = "Hermes requires acccess to your phone's camera to record videos for your vlog.";
				INFOPLIST_KEY_NSMicrophoneUsageDescription = "Hermes requires access to your phone's microphone to record audio.";
				INFOPLIST_KEY_NSPhotoLibraryAddUsageDescription = "Save finished vlogs to your photo library";
				INFOPLIST_KEY_NSPhotoLibraryUsageDescription = "Save finished vlogs to your photo library";
				"INFOPLIST_KEY_UIApplicationSceneManifest_Generation[sdk=iphoneos*]" = YES;
				"INFOPLIST_KEY_UIApplicationSceneManifest_Generation[sdk=iphonesimulator*]" = YES;
				"INFOPLIST_KEY_UIApplicationSupportsIndirectInputEvents[sdk=iphoneos*]" = YES;
				"INFOPLIST_KEY_UIApplicationSupportsIndirectInputEvents[sdk=iphonesimulator*]" = YES;
				"INFOPLIST_KEY_UILaunchScreen_Generation[sdk=iphoneos*]" = YES;
				"INFOPLIST_KEY_UILaunchScreen_Generation[sdk=iphonesimulator*]" = YES;
				"INFOPLIST_KEY_UIStatusBarStyle[sdk=iphoneos*]" = UIStatusBarStyleDefault;
				"INFOPLIST_KEY_UIStatusBarStyle[sdk=iphonesimulator*]" = UIStatusBarStyleDefault;
				INFOPLIST_KEY_UISupportedInterfaceOrientations = "UIInterfaceOrientationLandscapeLeft UIInterfaceOrientationLandscapeRight UIInterfaceOrientationPortrait UIInterfaceOrientationPortraitUpsideDown";
				IPHONEOS_DEPLOYMENT_TARGET = 15.0;
				LD_RUNPATH_SEARCH_PATHS = "@executable_path/Frameworks";
				"LD_RUNPATH_SEARCH_PATHS[sdk=macosx*]" = "@executable_path/../Frameworks";
				MACOSX_DEPLOYMENT_TARGET = 12.4;
				MARKETING_VERSION = 1.2;
				PRODUCT_BUNDLE_IDENTIFIER = caiismyname.Hermes;
				PRODUCT_NAME = "$(TARGET_NAME)";
				SDKROOT = auto;
				SUPPORTED_PLATFORMS = "iphoneos iphonesimulator macosx";
				SWIFT_EMIT_LOC_STRINGS = YES;
				SWIFT_VERSION = 5.0;
				TARGETED_DEVICE_FAMILY = "1,2";
			};
			name = Release;
		};
/* End XCBuildConfiguration section */

/* Begin XCConfigurationList section */
		2778E08028D6023B003E901E /* Build configuration list for PBXProject "Hermes" */ = {
			isa = XCConfigurationList;
			buildConfigurations = (
				2778E09728D6023D003E901E /* Debug */,
				2778E09828D6023D003E901E /* Release */,
			);
			defaultConfigurationIsVisible = 0;
			defaultConfigurationName = Release;
		};
		2778E09928D6023D003E901E /* Build configuration list for PBXNativeTarget "Hermes" */ = {
			isa = XCConfigurationList;
			buildConfigurations = (
				2778E09A28D6023D003E901E /* Debug */,
				2778E09B28D6023D003E901E /* Release */,
			);
			defaultConfigurationIsVisible = 0;
			defaultConfigurationName = Release;
		};
/* End XCConfigurationList section */

/* Begin XCRemoteSwiftPackageReference section */
		2706765528E735AA00CB0C96 /* XCRemoteSwiftPackageReference "firebase-ios-sdk" */ = {
			isa = XCRemoteSwiftPackageReference;
			repositoryURL = "https://github.com/firebase/firebase-ios-sdk";
			requirement = {
				kind = upToNextMajorVersion;
				minimumVersion = 9.0.0;
			};
		};
/* End XCRemoteSwiftPackageReference section */

/* Begin XCSwiftPackageProductDependency section */
		2706765628E735AB00CB0C96 /* FirebaseAuth */ = {
			isa = XCSwiftPackageProductDependency;
			package = 2706765528E735AA00CB0C96 /* XCRemoteSwiftPackageReference "firebase-ios-sdk" */;
			productName = FirebaseAuth;
		};
		2706765A28E735AB00CB0C96 /* FirebaseStorage */ = {
			isa = XCSwiftPackageProductDependency;
			package = 2706765528E735AA00CB0C96 /* XCRemoteSwiftPackageReference "firebase-ios-sdk" */;
			productName = FirebaseStorage;
		};
		275BAF26294583A20081AB22 /* FirebaseAppCheck */ = {
			isa = XCSwiftPackageProductDependency;
			package = 2706765528E735AA00CB0C96 /* XCRemoteSwiftPackageReference "firebase-ios-sdk" */;
			productName = FirebaseAppCheck;
		};
		27E0CA0428E7462B0010B226 /* FirebaseDatabaseSwift */ = {
			isa = XCSwiftPackageProductDependency;
			package = 2706765528E735AA00CB0C96 /* XCRemoteSwiftPackageReference "firebase-ios-sdk" */;
			productName = FirebaseDatabaseSwift;
		};
/* End XCSwiftPackageProductDependency section */

/* Begin XCVersionGroup section */
		2778E08C28D6023B003E901E /* Hermes.xcdatamodeld */ = {
			isa = XCVersionGroup;
			children = (
				2778E08D28D6023B003E901E /* Hermes.xcdatamodel */,
			);
			currentVersion = 2778E08D28D6023B003E901E /* Hermes.xcdatamodel */;
			path = Hermes.xcdatamodeld;
			sourceTree = "<group>";
			versionGroupType = wrapper.xcdatamodel;
		};
/* End XCVersionGroup section */
	};
	rootObject = 2778E07D28D6023B003E901E /* Project object */;
}
